
Microsoft Visual Studio Solution File, Format Version 12.00
# Visual Studio 15
VisualStudioVersion = 15.0.28010.2016
MinimumVisualStudioVersion = 10.0.40219.1
Project("{9A19103F-16F7-4668-BE54-9A1E7A4F7556}") = "FunWithForms", "FunWithForms\FunWithForms.csproj", "{D3735D1E-8A3B-4C8F-8602-19D4843A700E}"
EndProject
Project("{FAE04EC0-301F-11D3-BF4B-00C04F79EFBC}") = "FunWithForms.Tests", "FunWithForms.Tests\FunWithForms.Tests.csproj", "{416F95FE-4DE1-451C-A8D2-56703D48BFEA}"
EndProject
Global
	GlobalSection(SolutionConfigurationPlatforms) = preSolution
		Debug|Any CPU = Debug|Any CPU
		Release|Any CPU = Release|Any CPU
	EndGlobalSection
	GlobalSection(ProjectConfigurationPlatforms) = postSolution
		{D3735D1E-8A3B-4C8F-8602-19D4843A700E}.Debug|Any CPU.ActiveCfg = Debug|Any CPU
		{D3735D1E-8A3B-4C8F-8602-19D4843A700E}.Debug|Any CPU.Build.0 = Debug|Any CPU
		{D3735D1E-8A3B-4C8F-8602-19D4843A700E}.Release|Any CPU.ActiveCfg = Release|Any CPU
		{D3735D1E-8A3B-4C8F-8602-19D4843A700E}.Release|Any CPU.Build.0 = Release|Any CPU
		{416F95FE-4DE1-451C-A8D2-56703D48BFEA}.Debug|Any CPU.ActiveCfg = Debug|Any CPU
		{416F95FE-4DE1-451C-A8D2-56703D48BFEA}.Debug|Any CPU.Build.0 = Debug|Any CPU
		{416F95FE-4DE1-451C-A8D2-56703D48BFEA}.Release|Any CPU.ActiveCfg = Release|Any CPU
		{416F95FE-4DE1-451C-A8D2-56703D48BFEA}.Release|Any CPU.Build.0 = Release|Any CPU
	EndGlobalSection
	GlobalSection(SolutionProperties) = preSolution
		HideSolutionNode = FALSE
	EndGlobalSection
	GlobalSection(ExtensibilityGlobals) = postSolution
		SolutionGuid = {6A85C654-3356-4FCF-8771-C4241AB988F7}
	EndGlobalSection
EndGlobal
